// !$*UTF8*$!
{
	archiveVersion = 1;
	classes = {
	};
	objectVersion = 56;
	objects = {

/* Begin PBXBuildFile section */
		080407DB2AC2FBC50055F77D /* SwiftUiTaskApp.swift in Sources */ = {isa = PBXBuildFile; fileRef = 080407DA2AC2FBC50055F77D /* SwiftUiTaskApp.swift */; };
		080407DF2AC2FBC90055F77D /* Assets.xcassets in Resources */ = {isa = PBXBuildFile; fileRef = 080407DE2AC2FBC90055F77D /* Assets.xcassets */; };
		080407E22AC2FBC90055F77D /* Preview Assets.xcassets in Resources */ = {isa = PBXBuildFile; fileRef = 080407E12AC2FBC90055F77D /* Preview Assets.xcassets */; };
		080407EC2AC2FBC90055F77D /* SwiftUiTaskTests.swift in Sources */ = {isa = PBXBuildFile; fileRef = 080407EB2AC2FBC90055F77D /* SwiftUiTaskTests.swift */; };
		080407F62AC2FBC90055F77D /* SwiftUiTaskUITests.swift in Sources */ = {isa = PBXBuildFile; fileRef = 080407F52AC2FBC90055F77D /* SwiftUiTaskUITests.swift */; };
		080407F82AC2FBC90055F77D /* SwiftUiTaskUITestsLaunchTests.swift in Sources */ = {isa = PBXBuildFile; fileRef = 080407F72AC2FBC90055F77D /* SwiftUiTaskUITestsLaunchTests.swift */; };
		080408132AC2FC4D0055F77D /* Constants.swift in Sources */ = {isa = PBXBuildFile; fileRef = 080408062AC2FC4C0055F77D /* Constants.swift */; };
		080408142AC2FC4D0055F77D /* ComicRequest.swift in Sources */ = {isa = PBXBuildFile; fileRef = 080408092AC2FC4C0055F77D /* ComicRequest.swift */; };
		080408152AC2FC4D0055F77D /* ComicResponse.swift in Sources */ = {isa = PBXBuildFile; fileRef = 0804080A2AC2FC4C0055F77D /* ComicResponse.swift */; };
		080408192AC2FC4D0055F77D /* Marvel-Info.plist in Resources */ = {isa = PBXBuildFile; fileRef = 0804080F2AC2FC4C0055F77D /* Marvel-Info.plist */; };
		080408252AC2FC7B0055F77D /* RegistrationViewModal.swift in Sources */ = {isa = PBXBuildFile; fileRef = 0804081D2AC2FC7B0055F77D /* RegistrationViewModal.swift */; };
		080408262AC2FC7B0055F77D /* RegistrationView.swift in Sources */ = {isa = PBXBuildFile; fileRef = 0804081E2AC2FC7B0055F77D /* RegistrationView.swift */; };
		080408272AC2FC7B0055F77D /* ComicListViewModal.swift in Sources */ = {isa = PBXBuildFile; fileRef = 080408202AC2FC7B0055F77D /* ComicListViewModal.swift */; };
		080408282AC2FC7B0055F77D /* ComicListView.swift in Sources */ = {isa = PBXBuildFile; fileRef = 080408212AC2FC7B0055F77D /* ComicListView.swift */; };
		080408292AC2FC7B0055F77D /* LoginView.swift in Sources */ = {isa = PBXBuildFile; fileRef = 080408232AC2FC7B0055F77D /* LoginView.swift */; };
		0804082A2AC2FC7B0055F77D /* LoginViewModal.swift in Sources */ = {isa = PBXBuildFile; fileRef = 080408242AC2FC7B0055F77D /* LoginViewModal.swift */; };
/* End PBXBuildFile section */

/* Begin PBXContainerItemProxy section */
		080407E82AC2FBC90055F77D /* PBXContainerItemProxy */ = {
			isa = PBXContainerItemProxy;
			containerPortal = 080407CF2AC2FBC50055F77D /* Project object */;
			proxyType = 1;
			remoteGlobalIDString = 080407D62AC2FBC50055F77D;
			remoteInfo = SwiftUiTask;
		};
		080407F22AC2FBC90055F77D /* PBXContainerItemProxy */ = {
			isa = PBXContainerItemProxy;
			containerPortal = 080407CF2AC2FBC50055F77D /* Project object */;
			proxyType = 1;
			remoteGlobalIDString = 080407D62AC2FBC50055F77D;
			remoteInfo = SwiftUiTask;
		};
/* End PBXContainerItemProxy section */

/* Begin PBXFileReference section */
		080407D72AC2FBC50055F77D /* SwiftUiTask.app */ = {isa = PBXFileReference; explicitFileType = wrapper.application; includeInIndex = 0; path = SwiftUiTask.app; sourceTree = BUILT_PRODUCTS_DIR; };
		080407DA2AC2FBC50055F77D /* SwiftUiTaskApp.swift */ = {isa = PBXFileReference; lastKnownFileType = sourcecode.swift; path = SwiftUiTaskApp.swift; sourceTree = "<group>"; };
		080407DE2AC2FBC90055F77D /* Assets.xcassets */ = {isa = PBXFileReference; lastKnownFileType = folder.assetcatalog; path = Assets.xcassets; sourceTree = "<group>"; };
		080407E12AC2FBC90055F77D /* Preview Assets.xcassets */ = {isa = PBXFileReference; lastKnownFileType = folder.assetcatalog; path = "Preview Assets.xcassets"; sourceTree = "<group>"; };
		080407E72AC2FBC90055F77D /* SwiftUiTaskTests.xctest */ = {isa = PBXFileReference; explicitFileType = wrapper.cfbundle; includeInIndex = 0; path = SwiftUiTaskTests.xctest; sourceTree = BUILT_PRODUCTS_DIR; };
		080407EB2AC2FBC90055F77D /* SwiftUiTaskTests.swift */ = {isa = PBXFileReference; lastKnownFileType = sourcecode.swift; path = SwiftUiTaskTests.swift; sourceTree = "<group>"; };
		080407F12AC2FBC90055F77D /* SwiftUiTaskUITests.xctest */ = {isa = PBXFileReference; explicitFileType = wrapper.cfbundle; includeInIndex = 0; path = SwiftUiTaskUITests.xctest; sourceTree = BUILT_PRODUCTS_DIR; };
		080407F52AC2FBC90055F77D /* SwiftUiTaskUITests.swift */ = {isa = PBXFileReference; lastKnownFileType = sourcecode.swift; path = SwiftUiTaskUITests.swift; sourceTree = "<group>"; };
		080407F72AC2FBC90055F77D /* SwiftUiTaskUITestsLaunchTests.swift */ = {isa = PBXFileReference; lastKnownFileType = sourcecode.swift; path = SwiftUiTaskUITestsLaunchTests.swift; sourceTree = "<group>"; };
		080408062AC2FC4C0055F77D /* Constants.swift */ = {isa = PBXFileReference; fileEncoding = 4; lastKnownFileType = sourcecode.swift; path = Constants.swift; sourceTree = "<group>"; };
		080408092AC2FC4C0055F77D /* ComicRequest.swift */ = {isa = PBXFileReference; fileEncoding = 4; lastKnownFileType = sourcecode.swift; path = ComicRequest.swift; sourceTree = "<group>"; };
		0804080A2AC2FC4C0055F77D /* ComicResponse.swift */ = {isa = PBXFileReference; fileEncoding = 4; lastKnownFileType = sourcecode.swift; path = ComicResponse.swift; sourceTree = "<group>"; };
		0804080F2AC2FC4C0055F77D /* Marvel-Info.plist */ = {isa = PBXFileReference; fileEncoding = 4; lastKnownFileType = text.plist.xml; path = "Marvel-Info.plist"; sourceTree = "<group>"; };
		0804081D2AC2FC7B0055F77D /* RegistrationViewModal.swift */ = {isa = PBXFileReference; fileEncoding = 4; lastKnownFileType = sourcecode.swift; path = RegistrationViewModal.swift; sourceTree = "<group>"; };
		0804081E2AC2FC7B0055F77D /* RegistrationView.swift */ = {isa = PBXFileReference; fileEncoding = 4; lastKnownFileType = sourcecode.swift; path = RegistrationView.swift; sourceTree = "<group>"; };
		080408202AC2FC7B0055F77D /* ComicListViewModal.swift */ = {isa = PBXFileReference; fileEncoding = 4; lastKnownFileType = sourcecode.swift; path = ComicListViewModal.swift; sourceTree = "<group>"; };
		080408212AC2FC7B0055F77D /* ComicListView.swift */ = {isa = PBXFileReference; fileEncoding = 4; lastKnownFileType = sourcecode.swift; path = ComicListView.swift; sourceTree = "<group>"; };
		080408232AC2FC7B0055F77D /* LoginView.swift */ = {isa = PBXFileReference; fileEncoding = 4; lastKnownFileType = sourcecode.swift; path = LoginView.swift; sourceTree = "<group>"; };
		080408242AC2FC7B0055F77D /* LoginViewModal.swift */ = {isa = PBXFileReference; fileEncoding = 4; lastKnownFileType = sourcecode.swift; path = LoginViewModal.swift; sourceTree = "<group>"; };
/* End PBXFileReference section */

/* Begin PBXFrameworksBuildPhase section */
		080407D42AC2FBC50055F77D /* Frameworks */ = {
			isa = PBXFrameworksBuildPhase;
			buildActionMask = 2147483647;
			files = (
			);
			runOnlyForDeploymentPostprocessing = 0;
		};
		080407E42AC2FBC90055F77D /* Frameworks */ = {
			isa = PBXFrameworksBuildPhase;
			buildActionMask = 2147483647;
			files = (
			);
			runOnlyForDeploymentPostprocessing = 0;
		};
		080407EE2AC2FBC90055F77D /* Frameworks */ = {
			isa = PBXFrameworksBuildPhase;
			buildActionMask = 2147483647;
			files = (
			);
			runOnlyForDeploymentPostprocessing = 0;
		};
/* End PBXFrameworksBuildPhase section */

/* Begin PBXGroup section */
		080407CE2AC2FBC50055F77D = {
			isa = PBXGroup;
			children = (
				080407D92AC2FBC50055F77D /* SwiftUiTask */,
				080407EA2AC2FBC90055F77D /* SwiftUiTaskTests */,
				080407F42AC2FBC90055F77D /* SwiftUiTaskUITests */,
				080407D82AC2FBC50055F77D /* Products */,
			);
			sourceTree = "<group>";
		};
		080407D82AC2FBC50055F77D /* Products */ = {
			isa = PBXGroup;
			children = (
				080407D72AC2FBC50055F77D /* SwiftUiTask.app */,
				080407E72AC2FBC90055F77D /* SwiftUiTaskTests.xctest */,
				080407F12AC2FBC90055F77D /* SwiftUiTaskUITests.xctest */,
			);
			name = Products;
			sourceTree = "<group>";
		};
		080407D92AC2FBC50055F77D /* SwiftUiTask */ = {
			isa = PBXGroup;
			children = (
				080408052AC2FC4C0055F77D /* Constants */,
				080408072AC2FC4C0055F77D /* Modal */,
				0804081F2AC2FC7B0055F77D /* Comic */,
				0804081C2AC2FC7B0055F77D /* Registration */,
				080408222AC2FC7B0055F77D /* Login */,
				0804080E2AC2FC4C0055F77D /* Resources */,
				080407DA2AC2FBC50055F77D /* SwiftUiTaskApp.swift */,
				080407DE2AC2FBC90055F77D /* Assets.xcassets */,
				080407E02AC2FBC90055F77D /* Preview Content */,
			);
			path = SwiftUiTask;
			sourceTree = "<group>";
		};
		080407E02AC2FBC90055F77D /* Preview Content */ = {
			isa = PBXGroup;
			children = (
				080407E12AC2FBC90055F77D /* Preview Assets.xcassets */,
			);
			path = "Preview Content";
			sourceTree = "<group>";
		};
		080407EA2AC2FBC90055F77D /* SwiftUiTaskTests */ = {
			isa = PBXGroup;
			children = (
				080407EB2AC2FBC90055F77D /* SwiftUiTaskTests.swift */,
			);
			path = SwiftUiTaskTests;
			sourceTree = "<group>";
		};
		080407F42AC2FBC90055F77D /* SwiftUiTaskUITests */ = {
			isa = PBXGroup;
			children = (
				080407F52AC2FBC90055F77D /* SwiftUiTaskUITests.swift */,
				080407F72AC2FBC90055F77D /* SwiftUiTaskUITestsLaunchTests.swift */,
			);
			path = SwiftUiTaskUITests;
			sourceTree = "<group>";
		};
		080408052AC2FC4C0055F77D /* Constants */ = {
			isa = PBXGroup;
			children = (
				080408062AC2FC4C0055F77D /* Constants.swift */,
			);
			path = Constants;
			sourceTree = "<group>";
		};
		080408072AC2FC4C0055F77D /* Modal */ = {
			isa = PBXGroup;
			children = (
				080408082AC2FC4C0055F77D /* ComicRequest */,
			);
			path = Modal;
			sourceTree = "<group>";
		};
		080408082AC2FC4C0055F77D /* ComicRequest */ = {
			isa = PBXGroup;
			children = (
				080408092AC2FC4C0055F77D /* ComicRequest.swift */,
				0804080A2AC2FC4C0055F77D /* ComicResponse.swift */,
			);
			path = ComicRequest;
			sourceTree = "<group>";
		};
		0804080E2AC2FC4C0055F77D /* Resources */ = {
			isa = PBXGroup;
			children = (
				0804080F2AC2FC4C0055F77D /* Marvel-Info.plist */,
			);
			path = Resources;
			sourceTree = "<group>";
		};
		0804081C2AC2FC7B0055F77D /* Registration */ = {
			isa = PBXGroup;
			children = (
				0804081D2AC2FC7B0055F77D /* RegistrationViewModal.swift */,
				0804081E2AC2FC7B0055F77D /* RegistrationView.swift */,
			);
			path = Registration;
			sourceTree = "<group>";
		};
		0804081F2AC2FC7B0055F77D /* Comic */ = {
			isa = PBXGroup;
			children = (
				080408202AC2FC7B0055F77D /* ComicListViewModal.swift */,
				080408212AC2FC7B0055F77D /* ComicListView.swift */,
			);
			path = Comic;
			sourceTree = "<group>";
		};
		080408222AC2FC7B0055F77D /* Login */ = {
			isa = PBXGroup;
			children = (
				080408242AC2FC7B0055F77D /* LoginViewModal.swift */,
				080408232AC2FC7B0055F77D /* LoginView.swift */,
			);
			path = Login;
			sourceTree = "<group>";
		};
/* End PBXGroup section */

/* Begin PBXNativeTarget section */
		080407D62AC2FBC50055F77D /* SwiftUiTask */ = {
			isa = PBXNativeTarget;
			buildConfigurationList = 080407FB2AC2FBC90055F77D /* Build configuration list for PBXNativeTarget "SwiftUiTask" */;
			buildPhases = (
				080407D32AC2FBC50055F77D /* Sources */,
				080407D42AC2FBC50055F77D /* Frameworks */,
				080407D52AC2FBC50055F77D /* Resources */,
			);
			buildRules = (
			);
			dependencies = (
			);
			name = SwiftUiTask;
			productName = SwiftUiTask;
			productReference = 080407D72AC2FBC50055F77D /* SwiftUiTask.app */;
			productType = "com.apple.product-type.application";
		};
		080407E62AC2FBC90055F77D /* SwiftUiTaskTests */ = {
			isa = PBXNativeTarget;
			buildConfigurationList = 080407FE2AC2FBC90055F77D /* Build configuration list for PBXNativeTarget "SwiftUiTaskTests" */;
			buildPhases = (
				080407E32AC2FBC90055F77D /* Sources */,
				080407E42AC2FBC90055F77D /* Frameworks */,
				080407E52AC2FBC90055F77D /* Resources */,
			);
			buildRules = (
			);
			dependencies = (
				080407E92AC2FBC90055F77D /* PBXTargetDependency */,
			);
			name = SwiftUiTaskTests;
			productName = SwiftUiTaskTests;
			productReference = 080407E72AC2FBC90055F77D /* SwiftUiTaskTests.xctest */;
			productType = "com.apple.product-type.bundle.unit-test";
		};
		080407F02AC2FBC90055F77D /* SwiftUiTaskUITests */ = {
			isa = PBXNativeTarget;
			buildConfigurationList = 080408012AC2FBC90055F77D /* Build configuration list for PBXNativeTarget "SwiftUiTaskUITests" */;
			buildPhases = (
				080407ED2AC2FBC90055F77D /* Sources */,
				080407EE2AC2FBC90055F77D /* Frameworks */,
				080407EF2AC2FBC90055F77D /* Resources */,
			);
			buildRules = (
			);
			dependencies = (
				080407F32AC2FBC90055F77D /* PBXTargetDependency */,
			);
			name = SwiftUiTaskUITests;
			productName = SwiftUiTaskUITests;
			productReference = 080407F12AC2FBC90055F77D /* SwiftUiTaskUITests.xctest */;
			productType = "com.apple.product-type.bundle.ui-testing";
		};
/* End PBXNativeTarget section */

/* Begin PBXProject section */
		080407CF2AC2FBC50055F77D /* Project object */ = {
			isa = PBXProject;
			attributes = {
				BuildIndependentTargetsInParallel = 1;
				LastSwiftUpdateCheck = 1430;
				LastUpgradeCheck = 1430;
				TargetAttributes = {
					080407D62AC2FBC50055F77D = {
						CreatedOnToolsVersion = 14.3.1;
					};
					080407E62AC2FBC90055F77D = {
						CreatedOnToolsVersion = 14.3.1;
						TestTargetID = 080407D62AC2FBC50055F77D;
					};
					080407F02AC2FBC90055F77D = {
						CreatedOnToolsVersion = 14.3.1;
						TestTargetID = 080407D62AC2FBC50055F77D;
					};
				};
			};
			buildConfigurationList = 080407D22AC2FBC50055F77D /* Build configuration list for PBXProject "SwiftUiTask" */;
			compatibilityVersion = "Xcode 14.0";
			developmentRegion = en;
			hasScannedForEncodings = 0;
			knownRegions = (
				en,
				Base,
			);
			mainGroup = 080407CE2AC2FBC50055F77D;
			productRefGroup = 080407D82AC2FBC50055F77D /* Products */;
			projectDirPath = "";
			projectRoot = "";
			targets = (
				080407D62AC2FBC50055F77D /* SwiftUiTask */,
				080407E62AC2FBC90055F77D /* SwiftUiTaskTests */,
				080407F02AC2FBC90055F77D /* SwiftUiTaskUITests */,
			);
		};
/* End PBXProject section */

/* Begin PBXResourcesBuildPhase section */
		080407D52AC2FBC50055F77D /* Resources */ = {
			isa = PBXResourcesBuildPhase;
			buildActionMask = 2147483647;
			files = (
				080407E22AC2FBC90055F77D /* Preview Assets.xcassets in Resources */,
				080407DF2AC2FBC90055F77D /* Assets.xcassets in Resources */,
				080408192AC2FC4D0055F77D /* Marvel-Info.plist in Resources */,
			);
			runOnlyForDeploymentPostprocessing = 0;
		};
		080407E52AC2FBC90055F77D /* Resources */ = {
			isa = PBXResourcesBuildPhase;
			buildActionMask = 2147483647;
			files = (
			);
			runOnlyForDeploymentPostprocessing = 0;
		};
		080407EF2AC2FBC90055F77D /* Resources */ = {
			isa = PBXResourcesBuildPhase;
			buildActionMask = 2147483647;
			files = (
			);
			runOnlyForDeploymentPostprocessing = 0;
		};
/* End PBXResourcesBuildPhase section */

/* Begin PBXSourcesBuildPhase section */
		080407D32AC2FBC50055F77D /* Sources */ = {
			isa = PBXSourcesBuildPhase;
			buildActionMask = 2147483647;
			files = (
				0804082A2AC2FC7B0055F77D /* LoginViewModal.swift in Sources */,
				080408142AC2FC4D0055F77D /* ComicRequest.swift in Sources */,
				080408292AC2FC7B0055F77D /* LoginView.swift in Sources */,
				080408272AC2FC7B0055F77D /* ComicListViewModal.swift in Sources */,
				080408262AC2FC7B0055F77D /* RegistrationView.swift in Sources */,
				080407DB2AC2FBC50055F77D /* SwiftUiTaskApp.swift in Sources */,
				080408252AC2FC7B0055F77D /* RegistrationViewModal.swift in Sources */,
				080408152AC2FC4D0055F77D /* ComicResponse.swift in Sources */,
				080408282AC2FC7B0055F77D /* ComicListView.swift in Sources */,
				080408132AC2FC4D0055F77D /* Constants.swift in Sources */,
			);
			runOnlyForDeploymentPostprocessing = 0;
		};
		080407E32AC2FBC90055F77D /* Sources */ = {
			isa = PBXSourcesBuildPhase;
			buildActionMask = 2147483647;
			files = (
				080407EC2AC2FBC90055F77D /* SwiftUiTaskTests.swift in Sources */,
			);
			runOnlyForDeploymentPostprocessing = 0;
		};
		080407ED2AC2FBC90055F77D /* Sources */ = {
			isa = PBXSourcesBuildPhase;
			buildActionMask = 2147483647;
			files = (
				080407F62AC2FBC90055F77D /* SwiftUiTaskUITests.swift in Sources */,
				080407F82AC2FBC90055F77D /* SwiftUiTaskUITestsLaunchTests.swift in Sources */,
			);
			runOnlyForDeploymentPostprocessing = 0;
		};
/* End PBXSourcesBuildPhase section */

/* Begin PBXTargetDependency section */
		080407E92AC2FBC90055F77D /* PBXTargetDependency */ = {
			isa = PBXTargetDependency;
			target = 080407D62AC2FBC50055F77D /* SwiftUiTask */;
			targetProxy = 080407E82AC2FBC90055F77D /* PBXContainerItemProxy */;
		};
		080407F32AC2FBC90055F77D /* PBXTargetDependency */ = {
			isa = PBXTargetDependency;
			target = 080407D62AC2FBC50055F77D /* SwiftUiTask */;
			targetProxy = 080407F22AC2FBC90055F77D /* PBXContainerItemProxy */;
		};
/* End PBXTargetDependency section */

/* Begin XCBuildConfiguration section */
		080407F92AC2FBC90055F77D /* Debug */ = {
			isa = XCBuildConfiguration;
			buildSettings = {
				ALWAYS_SEARCH_USER_PATHS = NO;
				CLANG_ANALYZER_NONNULL = YES;
				CLANG_ANALYZER_NUMBER_OBJECT_CONVERSION = YES_AGGRESSIVE;
				CLANG_CXX_LANGUAGE_STANDARD = "gnu++20";
				CLANG_ENABLE_MODULES = YES;
				CLANG_ENABLE_OBJC_ARC = YES;
				CLANG_ENABLE_OBJC_WEAK = YES;
				CLANG_WARN_BLOCK_CAPTURE_AUTORELEASING = YES;
				CLANG_WARN_BOOL_CONVERSION = YES;
				CLANG_WARN_COMMA = YES;
				CLANG_WARN_CONSTANT_CONVERSION = YES;
				CLANG_WARN_DEPRECATED_OBJC_IMPLEMENTATIONS = YES;
				CLANG_WARN_DIRECT_OBJC_ISA_USAGE = YES_ERROR;
				CLANG_WARN_DOCUMENTATION_COMMENTS = YES;
				CLANG_WARN_EMPTY_BODY = YES;
				CLANG_WARN_ENUM_CONVERSION = YES;
				CLANG_WARN_INFINITE_RECURSION = YES;
				CLANG_WARN_INT_CONVERSION = YES;
				CLANG_WARN_NON_LITERAL_NULL_CONVERSION = YES;
				CLANG_WARN_OBJC_IMPLICIT_RETAIN_SELF = YES;
				CLANG_WARN_OBJC_LITERAL_CONVERSION = YES;
				CLANG_WARN_OBJC_ROOT_CLASS = YES_ERROR;
				CLANG_WARN_QUOTED_INCLUDE_IN_FRAMEWORK_HEADER = YES;
				CLANG_WARN_RANGE_LOOP_ANALYSIS = YES;
				CLANG_WARN_STRICT_PROTOTYPES = YES;
				CLANG_WARN_SUSPICIOUS_MOVE = YES;
				CLANG_WARN_UNGUARDED_AVAILABILITY = YES_AGGRESSIVE;
				CLANG_WARN_UNREACHABLE_CODE = YES;
				CLANG_WARN__DUPLICATE_METHOD_MATCH = YES;
				COPY_PHASE_STRIP = NO;
				DEBUG_INFORMATION_FORMAT = dwarf;
				ENABLE_STRICT_OBJC_MSGSEND = YES;
				ENABLE_TESTABILITY = YES;
				GCC_C_LANGUAGE_STANDARD = gnu11;
				GCC_DYNAMIC_NO_PIC = NO;
				GCC_NO_COMMON_BLOCKS = YES;
				GCC_OPTIMIZATION_LEVEL = 0;
				GCC_PREPROCESSOR_DEFINITIONS = (
					"DEBUG=1",
					"$(inherited)",
				);
				GCC_WARN_64_TO_32_BIT_CONVERSION = YES;
				GCC_WARN_ABOUT_RETURN_TYPE = YES_ERROR;
				GCC_WARN_UNDECLARED_SELECTOR = YES;
				GCC_WARN_UNINITIALIZED_AUTOS = YES_AGGRESSIVE;
				GCC_WARN_UNUSED_FUNCTION = YES;
				GCC_WARN_UNUSED_VARIABLE = YES;
				IPHONEOS_DEPLOYMENT_TARGET = 16.4;
				MTL_ENABLE_DEBUG_INFO = INCLUDE_SOURCE;
				MTL_FAST_MATH = YES;
				ONLY_ACTIVE_ARCH = YES;
				SDKROOT = iphoneos;
				SWIFT_ACTIVE_COMPILATION_CONDITIONS = DEBUG;
				SWIFT_OPTIMIZATION_LEVEL = "-Onone";
			};
			name = Debug;
		};
		080407FA2AC2FBC90055F77D /* Release */ = {
			isa = XCBuildConfiguration;
			buildSettings = {
				ALWAYS_SEARCH_USER_PATHS = NO;
				CLANG_ANALYZER_NONNULL = YES;
				CLANG_ANALYZER_NUMBER_OBJECT_CONVERSION = YES_AGGRESSIVE;
				CLANG_CXX_LANGUAGE_STANDARD = "gnu++20";
				CLANG_ENABLE_MODULES = YES;
				CLANG_ENABLE_OBJC_ARC = YES;
				CLANG_ENABLE_OBJC_WEAK = YES;
				CLANG_WARN_BLOCK_CAPTURE_AUTORELEASING = YES;
				CLANG_WARN_BOOL_CONVERSION = YES;
				CLANG_WARN_COMMA = YES;
				CLANG_WARN_CONSTANT_CONVERSION = YES;
				CLANG_WARN_DEPRECATED_OBJC_IMPLEMENTATIONS = YES;
				CLANG_WARN_DIRECT_OBJC_ISA_USAGE = YES_ERROR;
				CLANG_WARN_DOCUMENTATION_COMMENTS = YES;
				CLANG_WARN_EMPTY_BODY = YES;
				CLANG_WARN_ENUM_CONVERSION = YES;
				CLANG_WARN_INFINITE_RECURSION = YES;
				CLANG_WARN_INT_CONVERSION = YES;
				CLANG_WARN_NON_LITERAL_NULL_CONVERSION = YES;
				CLANG_WARN_OBJC_IMPLICIT_RETAIN_SELF = YES;
				CLANG_WARN_OBJC_LITERAL_CONVERSION = YES;
				CLANG_WARN_OBJC_ROOT_CLASS = YES_ERROR;
				CLANG_WARN_QUOTED_INCLUDE_IN_FRAMEWORK_HEADER = YES;
				CLANG_WARN_RANGE_LOOP_ANALYSIS = YES;
				CLANG_WARN_STRICT_PROTOTYPES = YES;
				CLANG_WARN_SUSPICIOUS_MOVE = YES;
				CLANG_WARN_UNGUARDED_AVAILABILITY = YES_AGGRESSIVE;
				CLANG_WARN_UNREACHABLE_CODE = YES;
				CLANG_WARN__DUPLICATE_METHOD_MATCH = YES;
				COPY_PHASE_STRIP = NO;
				DEBUG_INFORMATION_FORMAT = "dwarf-with-dsym";
				ENABLE_NS_ASSERTIONS = NO;
				ENABLE_STRICT_OBJC_MSGSEND = YES;
				GCC_C_LANGUAGE_STANDARD = gnu11;
				GCC_NO_COMMON_BLOCKS = YES;
				GCC_WARN_64_TO_32_BIT_CONVERSION = YES;
				GCC_WARN_ABOUT_RETURN_TYPE = YES_ERROR;
				GCC_WARN_UNDECLARED_SELECTOR = YES;
				GCC_WARN_UNINITIALIZED_AUTOS = YES_AGGRESSIVE;
				GCC_WARN_UNUSED_FUNCTION = YES;
				GCC_WARN_UNUSED_VARIABLE = YES;
				IPHONEOS_DEPLOYMENT_TARGET = 16.4;
				MTL_ENABLE_DEBUG_INFO = NO;
				MTL_FAST_MATH = YES;
				SDKROOT = iphoneos;
				SWIFT_COMPILATION_MODE = wholemodule;
				SWIFT_OPTIMIZATION_LEVEL = "-O";
				VALIDATE_PRODUCT = YES;
			};
			name = Release;
		};
		080407FC2AC2FBC90055F77D /* Debug */ = {
			isa = XCBuildConfiguration;
			buildSettings = {
				ASSETCATALOG_COMPILER_APPICON_NAME = AppIcon;
				ASSETCATALOG_COMPILER_GLOBAL_ACCENT_COLOR_NAME = AccentColor;
				CODE_SIGN_STYLE = Automatic;
				CURRENT_PROJECT_VERSION = 1;
				DEVELOPMENT_ASSET_PATHS = "\"SwiftUiTask/Preview Content\"";
				DEVELOPMENT_TEAM = 467Q6268G6;
				ENABLE_PREVIEWS = YES;
				GENERATE_INFOPLIST_FILE = YES;
				INFOPLIST_KEY_UIApplicationSceneManifest_Generation = YES;
				INFOPLIST_KEY_UIApplicationSupportsIndirectInputEvents = YES;
				INFOPLIST_KEY_UILaunchScreen_Generation = YES;
				INFOPLIST_KEY_UISupportedInterfaceOrientations_iPad = "UIInterfaceOrientationPortrait UIInterfaceOrientationPortraitUpsideDown UIInterfaceOrientationLandscapeLeft UIInterfaceOrientationLandscapeRight";
				INFOPLIST_KEY_UISupportedInterfaceOrientations_iPhone = "UIInterfaceOrientationPortrait UIInterfaceOrientationLandscapeLeft UIInterfaceOrientationLandscapeRight";
				LD_RUNPATH_SEARCH_PATHS = (
					"$(inherited)",
					"@executable_path/Frameworks",
				);
				MARKETING_VERSION = 1.0;
				PRODUCT_BUNDLE_IDENTIFIER = com.app.SwiftUiTask;
				PRODUCT_NAME = "$(TARGET_NAME)";
				SWIFT_EMIT_LOC_STRINGS = YES;
				SWIFT_VERSION = 5.0;
				TARGETED_DEVICE_FAMILY = "1,2";
			};
			name = Debug;
		};
		080407FD2AC2FBC90055F77D /* Release */ = {
			isa = XCBuildConfiguration;
			buildSettings = {
				ASSETCATALOG_COMPILER_APPICON_NAME = AppIcon;
				ASSETCATALOG_COMPILER_GLOBAL_ACCENT_COLOR_NAME = AccentColor;
				CODE_SIGN_STYLE = Automatic;
				CURRENT_PROJECT_VERSION = 1;
				DEVELOPMENT_ASSET_PATHS = "\"SwiftUiTask/Preview Content\"";
				DEVELOPMENT_TEAM = 467Q6268G6;
				ENABLE_PREVIEWS = YES;
				GENERATE_INFOPLIST_FILE = YES;
				INFOPLIST_KEY_UIApplicationSceneManifest_Generation = YES;
				INFOPLIST_KEY_UIApplicationSupportsIndirectInputEvents = YES;
				INFOPLIST_KEY_UILaunchScreen_Generation = YES;
				INFOPLIST_KEY_UISupportedInterfaceOrientations_iPad = "UIInterfaceOrientationPortrait UIInterfaceOrientationPortraitUpsideDown UIInterfaceOrientationLandscapeLeft UIInterfaceOrientationLandscapeRight";
				INFOPLIST_KEY_UISupportedInterfaceOrientations_iPhone = "UIInterfaceOrientationPortrait UIInterfaceOrientationLandscapeLeft UIInterfaceOrientationLandscapeRight";
				LD_RUNPATH_SEARCH_PATHS = (
					"$(inherited)",
					"@executable_path/Frameworks",
				);
				MARKETING_VERSION = 1.0;
				PRODUCT_BUNDLE_IDENTIFIER = com.app.SwiftUiTask;
				PRODUCT_NAME = "$(TARGET_NAME)";
				SWIFT_EMIT_LOC_STRINGS = YES;
				SWIFT_VERSION = 5.0;
				TARGETED_DEVICE_FAMILY = "1,2";
			};
			name = Release;
		};
		080407FF2AC2FBC90055F77D /* Debug */ = {
			isa = XCBuildConfiguration;
			buildSettings = {
				ALWAYS_EMBED_SWIFT_STANDARD_LIBRARIES = YES;
				BUNDLE_LOADER = "$(TEST_HOST)";
				CODE_SIGN_STYLE = Automatic;
				CURRENT_PROJECT_VERSION = 1;
				DEVELOPMENT_TEAM = 467Q6268G6;
				GENERATE_INFOPLIST_FILE = YES;
				IPHONEOS_DEPLOYMENT_TARGET = 16.4;
				MARKETING_VERSION = 1.0;
				PRODUCT_BUNDLE_IDENTIFIER = com.app.SwiftUiTaskTests;
				PRODUCT_NAME = "$(TARGET_NAME)";
				SWIFT_EMIT_LOC_STRINGS = NO;
				SWIFT_VERSION = 5.0;
				TARGETED_DEVICE_FAMILY = "1,2";
				TEST_HOST = "$(BUILT_PRODUCTS_DIR)/SwiftUiTask.app/$(BUNDLE_EXECUTABLE_FOLDER_PATH)/SwiftUiTask";
			};
			name = Debug;
		};
		080408002AC2FBC90055F77D /* Release */ = {
			isa = XCBuildConfiguration;
			buildSettings = {
				ALWAYS_EMBED_SWIFT_STANDARD_LIBRARIES = YES;
				BUNDLE_LOADER = "$(TEST_HOST)";
				CODE_SIGN_STYLE = Automatic;
				CURRENT_PROJECT_VERSION = 1;
				DEVELOPMENT_TEAM = 467Q6268G6;
				GENERATE_INFOPLIST_FILE = YES;
				IPHONEOS_DEPLOYMENT_TARGET = 16.4;
				MARKETING_VERSION = 1.0;
				PRODUCT_BUNDLE_IDENTIFIER = com.app.SwiftUiTaskTests;
				PRODUCT_NAME = "$(TARGET_NAME)";
				SWIFT_EMIT_LOC_STRINGS = NO;
				SWIFT_VERSION = 5.0;
				TARGETED_DEVICE_FAMILY = "1,2";
				TEST_HOST = "$(BUILT_PRODUCTS_DIR)/SwiftUiTask.app/$(BUNDLE_EXECUTABLE_FOLDER_PATH)/SwiftUiTask";
			};
			name = Release;
		};
		080408022AC2FBC90055F77D /* Debug */ = {
			isa = XCBuildConfiguration;
			buildSettings = {
				ALWAYS_EMBED_SWIFT_STANDARD_LIBRARIES = YES;
				CODE_SIGN_STYLE = Automatic;
				CURRENT_PROJECT_VERSION = 1;
				DEVELOPMENT_TEAM = 467Q6268G6;
				GENERATE_INFOPLIST_FILE = YES;
				MARKETING_VERSION = 1.0;
				PRODUCT_BUNDLE_IDENTIFIER = com.app.SwiftUiTaskUITests;
				PRODUCT_NAME = "$(TARGET_NAME)";
				SWIFT_EMIT_LOC_STRINGS = NO;
				SWIFT_VERSION = 5.0;
				TARGETED_DEVICE_FAMILY = "1,2";
				TEST_TARGET_NAME = SwiftUiTask;
			};
			name = Debug;
		};
		080408032AC2FBC90055F77D /* Release */ = {
			isa = XCBuildConfiguration;
			buildSettings = {
				ALWAYS_EMBED_SWIFT_STANDARD_LIBRARIES = YES;
				CODE_SIGN_STYLE = Automatic;
				CURRENT_PROJECT_VERSION = 1;
				DEVELOPMENT_TEAM = 467Q6268G6;
				GENERATE_INFOPLIST_FILE = YES;
				MARKETING_VERSION = 1.0;
				PRODUCT_BUNDLE_IDENTIFIER = com.app.SwiftUiTaskUITests;
				PRODUCT_NAME = "$(TARGET_NAME)";
				SWIFT_EMIT_LOC_STRINGS = NO;
				SWIFT_VERSION = 5.0;
				TARGETED_DEVICE_FAMILY = "1,2";
				TEST_TARGET_NAME = SwiftUiTask;
			};
			name = Release;
		};
/* End XCBuildConfiguration section */

/* Begin XCConfigurationList section */
		080407D22AC2FBC50055F77D /* Build configuration list for PBXProject "SwiftUiTask" */ = {
			isa = XCConfigurationList;
			buildConfigurations = (
				080407F92AC2FBC90055F77D /* Debug */,
				080407FA2AC2FBC90055F77D /* Release */,
			);
			defaultConfigurationIsVisible = 0;
			defaultConfigurationName = Release;
		};
		080407FB2AC2FBC90055F77D /* Build configuration list for PBXNativeTarget "SwiftUiTask" */ = {
			isa = XCConfigurationList;
			buildConfigurations = (
				080407FC2AC2FBC90055F77D /* Debug */,
				080407FD2AC2FBC90055F77D /* Release */,
			);
			defaultConfigurationIsVisible = 0;
			defaultConfigurationName = Release;
		};
		080407FE2AC2FBC90055F77D /* Build configuration list for PBXNativeTarget "SwiftUiTaskTests" */ = {
			isa = XCConfigurationList;
			buildConfigurations = (
				080407FF2AC2FBC90055F77D /* Debug */,
				080408002AC2FBC90055F77D /* Release */,
			);
			defaultConfigurationIsVisible = 0;
			defaultConfigurationName = Release;
		};
		080408012AC2FBC90055F77D /* Build configuration list for PBXNativeTarget "SwiftUiTaskUITests" */ = {
			isa = XCConfigurationList;
			buildConfigurations = (
				080408022AC2FBC90055F77D /* Debug */,
				080408032AC2FBC90055F77D /* Release */,
			);
			defaultConfigurationIsVisible = 0;
			defaultConfigurationName = Release;
		};
/* End XCConfigurationList section */
	};
	rootObject = 080407CF2AC2FBC50055F77D /* Project object */;
}
